
Microsoft Visual Studio Solution File, Format Version 12.00
# Visual Studio 15
VisualStudioVersion = 15.0.28010.2046
MinimumVisualStudioVersion = 10.0.40219.1
Project("{FAE04EC0-301F-11D3-BF4B-00C04F79EFBC}") = "PROYECTO_TURNOS", "PROYECTO_TURNOS\PROYECTO_TURNOS.csproj", "{80D40398-183F-4E57-8172-A975F59A7207}"
EndProject
Global
	GlobalSection(SolutionConfigurationPlatforms) = preSolution
		Debug|Any CPU = Debug|Any CPU
		Release|Any CPU = Release|Any CPU
	EndGlobalSection
	GlobalSection(ProjectConfigurationPlatforms) = postSolution
		{80D40398-183F-4E57-8172-A975F59A7207}.Debug|Any CPU.ActiveCfg = Debug|Any CPU
		{80D40398-183F-4E57-8172-A975F59A7207}.Debug|Any CPU.Build.0 = Debug|Any CPU
		{80D40398-183F-4E57-8172-A975F59A7207}.Release|Any CPU.ActiveCfg = Release|Any CPU
		{80D40398-183F-4E57-8172-A975F59A7207}.Release|Any CPU.Build.0 = Release|Any CPU
	EndGlobalSection
	GlobalSection(SolutionProperties) = preSolution
		HideSolutionNode = FALSE
	EndGlobalSection
	GlobalSection(ExtensibilityGlobals) = postSolution
		SolutionGuid = {6C3B5C94-59E6-4AF9-AE84-B63F0A69842B}
	EndGlobalSection
EndGlobal
